
Microsoft Visual Studio Solution File, Format Version 12.00
# Visual Studio Version 17
VisualStudioVersion = 17.14.36623.8 d17.14
MinimumVisualStudioVersion = 10.0.40219.1
Project("{FAE04EC0-301F-11D3-BF4B-00C04F79EFBC}") = "Mehar.Client", "Mehar.Client\Mehar.Client.csproj", "{ABDAD1F7-64E9-F60B-A736-C564B7C16303}"
EndProject
Project("{FAE04EC0-301F-11D3-BF4B-00C04F79EFBC}") = "Mehar.Client.Browser", "Mehar.Client.Browser\Mehar.Client.Browser.csproj", "{302960AC-962C-8BFB-86B0-5154C04EF9A3}"
EndProject
Project("{FAE04EC0-301F-11D3-BF4B-00C04F79EFBC}") = "Mehar.Client.Desktop", "Mehar.Client.Desktop\Mehar.Client.Desktop.csproj", "{8D201350-4983-53B2-51D3-EB96DE0C0AD9}"
EndProject
Global
	GlobalSection(SolutionConfigurationPlatforms) = preSolution
		Debug|Any CPU = Debug|Any CPU
		Release|Any CPU = Release|Any CPU
	EndGlobalSection
	GlobalSection(ProjectConfigurationPlatforms) = postSolution
		{ABDAD1F7-64E9-F60B-A736-C564B7C16303}.Debug|Any CPU.ActiveCfg = Debug|Any CPU
		{ABDAD1F7-64E9-F60B-A736-C564B7C16303}.Debug|Any CPU.Build.0 = Debug|Any CPU
		{ABDAD1F7-64E9-F60B-A736-C564B7C16303}.Release|Any CPU.ActiveCfg = Release|Any CPU
		{ABDAD1F7-64E9-F60B-A736-C564B7C16303}.Release|Any CPU.Build.0 = Release|Any CPU
		{302960AC-962C-8BFB-86B0-5154C04EF9A3}.Debug|Any CPU.ActiveCfg = Debug|Any CPU
		{302960AC-962C-8BFB-86B0-5154C04EF9A3}.Debug|Any CPU.Build.0 = Debug|Any CPU
		{302960AC-962C-8BFB-86B0-5154C04EF9A3}.Release|Any CPU.ActiveCfg = Release|Any CPU
		{302960AC-962C-8BFB-86B0-5154C04EF9A3}.Release|Any CPU.Build.0 = Release|Any CPU
		{8D201350-4983-53B2-51D3-EB96DE0C0AD9}.Debug|Any CPU.ActiveCfg = Debug|Any CPU
		{8D201350-4983-53B2-51D3-EB96DE0C0AD9}.Debug|Any CPU.Build.0 = Debug|Any CPU
		{8D201350-4983-53B2-51D3-EB96DE0C0AD9}.Release|Any CPU.ActiveCfg = Release|Any CPU
		{8D201350-4983-53B2-51D3-EB96DE0C0AD9}.Release|Any CPU.Build.0 = Release|Any CPU
	EndGlobalSection
	GlobalSection(SolutionProperties) = preSolution
		HideSolutionNode = FALSE
	EndGlobalSection
	GlobalSection(ExtensibilityGlobals) = postSolution
		SolutionGuid = {73DEDD89-3EEE-4079-A0BD-1B70FC1BF703}
	EndGlobalSection
EndGlobal
